PODS:
  - HuaDengLib/AppStore (0.1.1)

DEPENDENCIES:
  - HuaDengLib/AppStore (from `../HuaDeng/HuaDengLib`)

EXTERNAL SOURCES:
  HuaDengLib:
    :path: "../HuaDeng/HuaDengLib"

SPEC CHECKSUMS:
  HuaDengLib: d5caa9833b76097b38e201bd635569b91d43b6d1

PODFILE CHECKSUM: f9660542a4f75c5b7ce57bf864f62321df5e2934

COCOAPODS: 1.8.4
