PODS:
  - HuaDengLib/AppStore (0.1.0)

DEPENDENCIES:
  - HuaDengLib/AppStore (from `../HuaDeng/HuaDengLib`)

EXTERNAL SOURCES:
  HuaDengLib:
    :path: "../HuaDeng/HuaDengLib"

SPEC CHECKSUMS:
  HuaDengLib: 0cdfe87e6ece9e49bf7e50519b3cd3dbbd618117

PODFILE CHECKSUM: 4cbfce5d751ffd33156fb54b0992a8554e5f654e

COCOAPODS: 1.8.4
