PODS:
  - HuaDengLib/AppStore (0.1.0)

DEPENDENCIES:
  - HuaDengLib/AppStore (from `../HuaDeng/HuaDengLib`)

EXTERNAL SOURCES:
  HuaDengLib:
    :path: "../HuaDeng/HuaDengLib"

SPEC CHECKSUMS:
  HuaDengLib: 0cdfe87e6ece9e49bf7e50519b3cd3dbbd618117

PODFILE CHECKSUM: f9660542a4f75c5b7ce57bf864f62321df5e2934

COCOAPODS: 1.8.4
